// !$*UTF8*$!
{
	archiveVersion = 1;
	classes = {
	};
	objectVersion = 50;
	objects = {

/* Begin PBXBuildFile section */
		C63A35A321860A9700F163BE /* AppDelegate.swift in Sources */ = {isa = PBXBuildFile; fileRef = C63A35A221860A9700F163BE /* AppDelegate.swift */; };
		C63A35A821860A9700F163BE /* Main.storyboard in Resources */ = {isa = PBXBuildFile; fileRef = C63A35A621860A9700F163BE /* Main.storyboard */; };
		C63A35AA21860A9800F163BE /* Assets.xcassets in Resources */ = {isa = PBXBuildFile; fileRef = C63A35A921860A9800F163BE /* Assets.xcassets */; };
		C63A35AD21860A9800F163BE /* LaunchScreen.storyboard in Resources */ = {isa = PBXBuildFile; fileRef = C63A35AB21860A9800F163BE /* LaunchScreen.storyboard */; };
		C63A35B821860B1600F163BE /* LoremSwiftum.swift in Sources */ = {isa = PBXBuildFile; fileRef = C63A35B421860B1600F163BE /* LoremSwiftum.swift */; };
		C63A35B921860B1600F163BE /* TableTableViewController.swift in Sources */ = {isa = PBXBuildFile; fileRef = C63A35B521860B1600F163BE /* TableTableViewController.swift */; };
		C63A35BA21860B1600F163BE /* ZeroPaddingTextView.swift in Sources */ = {isa = PBXBuildFile; fileRef = C63A35B621860B1600F163BE /* ZeroPaddingTextView.swift */; };
		C63A35BB21860B1600F163BE /* TextTableViewCell.swift in Sources */ = {isa = PBXBuildFile; fileRef = C63A35B721860B1600F163BE /* TextTableViewCell.swift */; };
		C63A35BD21860BCB00F163BE /* String+Height.swift in Sources */ = {isa = PBXBuildFile; fileRef = C63A35BC21860BCB00F163BE /* String+Height.swift */; };
/* End PBXBuildFile section */

/* Begin PBXFileReference section */
		C63A359F21860A9700F163BE /* EmbedUITextViewInUITableView.app */ = {isa = PBXFileReference; explicitFileType = wrapper.application; includeInIndex = 0; path = EmbedUITextViewInUITableView.app; sourceTree = BUILT_PRODUCTS_DIR; };
		C63A35A221860A9700F163BE /* AppDelegate.swift */ = {isa = PBXFileReference; lastKnownFileType = sourcecode.swift; path = AppDelegate.swift; sourceTree = "<group>"; };
		C63A35A721860A9700F163BE /* Base */ = {isa = PBXFileReference; lastKnownFileType = file.storyboard; name = Base; path = Base.lproj/Main.storyboard; sourceTree = "<group>"; };
		C63A35A921860A9800F163BE /* Assets.xcassets */ = {isa = PBXFileReference; lastKnownFileType = folder.assetcatalog; path = Assets.xcassets; sourceTree = "<group>"; };
		C63A35AC21860A9800F163BE /* Base */ = {isa = PBXFileReference; lastKnownFileType = file.storyboard; name = Base; path = Base.lproj/LaunchScreen.storyboard; sourceTree = "<group>"; };
		C63A35AE21860A9800F163BE /* Info.plist */ = {isa = PBXFileReference; lastKnownFileType = text.plist.xml; path = Info.plist; sourceTree = "<group>"; };
		C63A35B421860B1600F163BE /* LoremSwiftum.swift */ = {isa = PBXFileReference; fileEncoding = 4; lastKnownFileType = sourcecode.swift; path = LoremSwiftum.swift; sourceTree = "<group>"; };
		C63A35B521860B1600F163BE /* TableTableViewController.swift */ = {isa = PBXFileReference; fileEncoding = 4; lastKnownFileType = sourcecode.swift; path = TableTableViewController.swift; sourceTree = "<group>"; };
		C63A35B621860B1600F163BE /* ZeroPaddingTextView.swift */ = {isa = PBXFileReference; fileEncoding = 4; lastKnownFileType = sourcecode.swift; path = ZeroPaddingTextView.swift; sourceTree = "<group>"; };
		C63A35B721860B1600F163BE /* TextTableViewCell.swift */ = {isa = PBXFileReference; fileEncoding = 4; lastKnownFileType = sourcecode.swift; path = TextTableViewCell.swift; sourceTree = "<group>"; };
		C63A35BC21860BCB00F163BE /* String+Height.swift */ = {isa = PBXFileReference; lastKnownFileType = sourcecode.swift; path = "String+Height.swift"; sourceTree = "<group>"; };
/* End PBXFileReference section */

/* Begin PBXFrameworksBuildPhase section */
		C63A359C21860A9700F163BE /* Frameworks */ = {
			isa = PBXFrameworksBuildPhase;
			buildActionMask = 2147483647;
			files = (
			);
			runOnlyForDeploymentPostprocessing = 0;
		};
/* End PBXFrameworksBuildPhase section */

/* Begin PBXGroup section */
		C63A359621860A9700F163BE = {
			isa = PBXGroup;
			children = (
				C63A35A121860A9700F163BE /* EmbedUITextViewInUITableView */,
				C63A35A021860A9700F163BE /* Products */,
			);
			sourceTree = "<group>";
		};
		C63A35A021860A9700F163BE /* Products */ = {
			isa = PBXGroup;
			children = (
				C63A359F21860A9700F163BE /* EmbedUITextViewInUITableView.app */,
			);
			name = Products;
			sourceTree = "<group>";
		};
		C63A35A121860A9700F163BE /* EmbedUITextViewInUITableView */ = {
			isa = PBXGroup;
			children = (
				C63A35B421860B1600F163BE /* LoremSwiftum.swift */,
				C63A35B521860B1600F163BE /* TableTableViewController.swift */,
				C63A35B721860B1600F163BE /* TextTableViewCell.swift */,
				C63A35B621860B1600F163BE /* ZeroPaddingTextView.swift */,
				C63A35A221860A9700F163BE /* AppDelegate.swift */,
				C63A35A621860A9700F163BE /* Main.storyboard */,
				C63A35A921860A9800F163BE /* Assets.xcassets */,
				C63A35AB21860A9800F163BE /* LaunchScreen.storyboard */,
				C63A35AE21860A9800F163BE /* Info.plist */,
				C63A35BC21860BCB00F163BE /* String+Height.swift */,
			);
			path = EmbedUITextViewInUITableView;
			sourceTree = "<group>";
		};
/* End PBXGroup section */

/* Begin PBXNativeTarget section */
		C63A359E21860A9700F163BE /* EmbedUITextViewInUITableView */ = {
			isa = PBXNativeTarget;
			buildConfigurationList = C63A35B121860A9800F163BE /* Build configuration list for PBXNativeTarget "EmbedUITextViewInUITableView" */;
			buildPhases = (
				C63A359B21860A9700F163BE /* Sources */,
				C63A359C21860A9700F163BE /* Frameworks */,
				C63A359D21860A9700F163BE /* Resources */,
			);
			buildRules = (
			);
			dependencies = (
			);
			name = EmbedUITextViewInUITableView;
			productName = EmbedUITextViewInUITableView;
			productReference = C63A359F21860A9700F163BE /* EmbedUITextViewInUITableView.app */;
			productType = "com.apple.product-type.application";
		};
/* End PBXNativeTarget section */

/* Begin PBXProject section */
		C63A359721860A9700F163BE /* Project object */ = {
			isa = PBXProject;
			attributes = {
				LastSwiftUpdateCheck = 1010;
				LastUpgradeCheck = 1010;
				ORGANIZATIONNAME = "George Tsifrikas";
				TargetAttributes = {
					C63A359E21860A9700F163BE = {
						CreatedOnToolsVersion = 10.1;
					};
				};
			};
			buildConfigurationList = C63A359A21860A9700F163BE /* Build configuration list for PBXProject "EmbedUITextViewInUITableView" */;
			compatibilityVersion = "Xcode 9.3";
			developmentRegion = en;
			hasScannedForEncodings = 0;
			knownRegions = (
				en,
				Base,
			);
			mainGroup = C63A359621860A9700F163BE;
			productRefGroup = C63A35A021860A9700F163BE /* Products */;
			projectDirPath = "";
			projectRoot = "";
			targets = (
				C63A359E21860A9700F163BE /* EmbedUITextViewInUITableView */,
			);
		};
/* End PBXProject section */

/* Begin PBXResourcesBuildPhase section */
		C63A359D21860A9700F163BE /* Resources */ = {
			isa = PBXResourcesBuildPhase;
			buildActionMask = 2147483647;
			files = (
				C63A35AD21860A9800F163BE /* LaunchScreen.storyboard in Resources */,
				C63A35AA21860A9800F163BE /* Assets.xcassets in Resources */,
				C63A35A821860A9700F163BE /* Main.storyboard in Resources */,
			);
			runOnlyForDeploymentPostprocessing = 0;
		};
/* End PBXResourcesBuildPhase section */

/* Begin PBXSourcesBuildPhase section */
		C63A359B21860A9700F163BE /* Sources */ = {
			isa = PBXSourcesBuildPhase;
			buildActionMask = 2147483647;
			files = (
				C63A35A321860A9700F163BE /* AppDelegate.swift in Sources */,
				C63A35B921860B1600F163BE /* TableTableViewController.swift in Sources */,
				C63A35B821860B1600F163BE /* LoremSwiftum.swift in Sources */,
				C63A35BD21860BCB00F163BE /* String+Height.swift in Sources */,
				C63A35BA21860B1600F163BE /* ZeroPaddingTextView.swift in Sources */,
				C63A35BB21860B1600F163BE /* TextTableViewCell.swift in Sources */,
			);
			runOnlyForDeploymentPostprocessing = 0;
		};
/* End PBXSourcesBuildPhase section */

/* Begin PBXVariantGroup section */
		C63A35A621860A9700F163BE /* Main.storyboard */ = {
			isa = PBXVariantGroup;
			children = (
				C63A35A721860A9700F163BE /* Base */,
			);
			name = Main.storyboard;
			sourceTree = "<group>";
		};
		C63A35AB21860A9800F163BE /* LaunchScreen.storyboard */ = {
			isa = PBXVariantGroup;
			children = (
				C63A35AC21860A9800F163BE /* Base */,
			);
			name = LaunchScreen.storyboard;
			sourceTree = "<group>";
		};
/* End PBXVariantGroup section */

/* Begin XCBuildConfiguration section */
		C63A35AF21860A9800F163BE /* Debug */ = {
			isa = XCBuildConfiguration;
			buildSettings = {
				ALWAYS_SEARCH_USER_PATHS = NO;
				CLANG_ANALYZER_NONNULL = YES;
				CLANG_ANALYZER_NUMBER_OBJECT_CONVERSION = YES_AGGRESSIVE;
				CLANG_CXX_LANGUAGE_STANDARD = "gnu++14";
				CLANG_CXX_LIBRARY = "libc++";
				CLANG_ENABLE_MODULES = YES;
				CLANG_ENABLE_OBJC_ARC = YES;
				CLANG_ENABLE_OBJC_WEAK = YES;
				CLANG_WARN_BLOCK_CAPTURE_AUTORELEASING = YES;
				CLANG_WARN_BOOL_CONVERSION = YES;
				CLANG_WARN_COMMA = YES;
				CLANG_WARN_CONSTANT_CONVERSION = YES;
				CLANG_WARN_DEPRECATED_OBJC_IMPLEMENTATIONS = YES;
				CLANG_WARN_DIRECT_OBJC_ISA_USAGE = YES_ERROR;
				CLANG_WARN_DOCUMENTATION_COMMENTS = YES;
				CLANG_WARN_EMPTY_BODY = YES;
				CLANG_WARN_ENUM_CONVERSION = YES;
				CLANG_WARN_INFINITE_RECURSION = YES;
				CLANG_WARN_INT_CONVERSION = YES;
				CLANG_WARN_NON_LITERAL_NULL_CONVERSION = YES;
				CLANG_WARN_OBJC_IMPLICIT_RETAIN_SELF = YES;
				CLANG_WARN_OBJC_LITERAL_CONVERSION = YES;
				CLANG_WARN_OBJC_ROOT_CLASS = YES_ERROR;
				CLANG_WARN_RANGE_LOOP_ANALYSIS = YES;
				CLANG_WARN_STRICT_PROTOTYPES = YES;
				CLANG_WARN_SUSPICIOUS_MOVE = YES;
				CLANG_WARN_UNGUARDED_AVAILABILITY = YES_AGGRESSIVE;
				CLANG_WARN_UNREACHABLE_CODE = YES;
				CLANG_WARN__DUPLICATE_METHOD_MATCH = YES;
				CODE_SIGN_IDENTITY = "iPhone Developer";
				COPY_PHASE_STRIP = NO;
				DEBUG_INFORMATION_FORMAT = dwarf;
				ENABLE_STRICT_OBJC_MSGSEND = YES;
				ENABLE_TESTABILITY = YES;
				GCC_C_LANGUAGE_STANDARD = gnu11;
				GCC_DYNAMIC_NO_PIC = NO;
				GCC_NO_COMMON_BLOCKS = YES;
				GCC_OPTIMIZATION_LEVEL = 0;
				GCC_PREPROCESSOR_DEFINITIONS = (
					"DEBUG=1",
					"$(inherited)",
				);
				GCC_WARN_64_TO_32_BIT_CONVERSION = YES;
				GCC_WARN_ABOUT_RETURN_TYPE = YES_ERROR;
				GCC_WARN_UNDECLARED_SELECTOR = YES;
				GCC_WARN_UNINITIALIZED_AUTOS = YES_AGGRESSIVE;
				GCC_WARN_UNUSED_FUNCTION = YES;
				GCC_WARN_UNUSED_VARIABLE = YES;
				IPHONEOS_DEPLOYMENT_TARGET = 12.1;
				MTL_ENABLE_DEBUG_INFO = INCLUDE_SOURCE;
				MTL_FAST_MATH = YES;
				ONLY_ACTIVE_ARCH = YES;
				SDKROOT = iphoneos;
				SWIFT_ACTIVE_COMPILATION_CONDITIONS = DEBUG;
				SWIFT_OPTIMIZATION_LEVEL = "-Onone";
			};
			name = Debug;
		};
		C63A35B021860A9800F163BE /* Release */ = {
			isa = XCBuildConfiguration;
			buildSettings = {
				ALWAYS_SEARCH_USER_PATHS = NO;
				CLANG_ANALYZER_NONNULL = YES;
				CLANG_ANALYZER_NUMBER_OBJECT_CONVERSION = YES_AGGRESSIVE;
				CLANG_CXX_LANGUAGE_STANDARD = "gnu++14";
				CLANG_CXX_LIBRARY = "libc++";
				CLANG_ENABLE_MODULES = YES;
				CLANG_ENABLE_OBJC_ARC = YES;
				CLANG_ENABLE_OBJC_WEAK = YES;
				CLANG_WARN_BLOCK_CAPTURE_AUTORELEASING = YES;
				CLANG_WARN_BOOL_CONVERSION = YES;
				CLANG_WARN_COMMA = YES;
				CLANG_WARN_CONSTANT_CONVERSION = YES;
				CLANG_WARN_DEPRECATED_OBJC_IMPLEMENTATIONS = YES;
				CLANG_WARN_DIRECT_OBJC_ISA_USAGE = YES_ERROR;
				CLANG_WARN_DOCUMENTATION_COMMENTS = YES;
				CLANG_WARN_EMPTY_BODY = YES;
				CLANG_WARN_ENUM_CONVERSION = YES;
				CLANG_WARN_INFINITE_RECURSION = YES;
				CLANG_WARN_INT_CONVERSION = YES;
				CLANG_WARN_NON_LITERAL_NULL_CONVERSION = YES;
				CLANG_WARN_OBJC_IMPLICIT_RETAIN_SELF = YES;
				CLANG_WARN_OBJC_LITERAL_CONVERSION = YES;
				CLANG_WARN_OBJC_ROOT_CLASS = YES_ERROR;
				CLANG_WARN_RANGE_LOOP_ANALYSIS = YES;
				CLANG_WARN_STRICT_PROTOTYPES = YES;
				CLANG_WARN_SUSPICIOUS_MOVE = YES;
				CLANG_WARN_UNGUARDED_AVAILABILITY = YES_AGGRESSIVE;
				CLANG_WARN_UNREACHABLE_CODE = YES;
				CLANG_WARN__DUPLICATE_METHOD_MATCH = YES;
				CODE_SIGN_IDENTITY = "iPhone Developer";
				COPY_PHASE_STRIP = NO;
				DEBUG_INFORMATION_FORMAT = "dwarf-with-dsym";
				ENABLE_NS_ASSERTIONS = NO;
				ENABLE_STRICT_OBJC_MSGSEND = YES;
				GCC_C_LANGUAGE_STANDARD = gnu11;
				GCC_NO_COMMON_BLOCKS = YES;
				GCC_WARN_64_TO_32_BIT_CONVERSION = YES;
				GCC_WARN_ABOUT_RETURN_TYPE = YES_ERROR;
				GCC_WARN_UNDECLARED_SELECTOR = YES;
				GCC_WARN_UNINITIALIZED_AUTOS = YES_AGGRESSIVE;
				GCC_WARN_UNUSED_FUNCTION = YES;
				GCC_WARN_UNUSED_VARIABLE = YES;
				IPHONEOS_DEPLOYMENT_TARGET = 12.1;
				MTL_ENABLE_DEBUG_INFO = NO;
				MTL_FAST_MATH = YES;
				SDKROOT = iphoneos;
				SWIFT_COMPILATION_MODE = wholemodule;
				SWIFT_OPTIMIZATION_LEVEL = "-O";
				VALIDATE_PRODUCT = YES;
			};
			name = Release;
		};
		C63A35B221860A9800F163BE /* Debug */ = {
			isa = XCBuildConfiguration;
			buildSettings = {
				ASSETCATALOG_COMPILER_APPICON_NAME = AppIcon;
				CODE_SIGN_IDENTITY = "iPhone Developer";
				CODE_SIGN_STYLE = Automatic;
				DEVELOPMENT_TEAM = BSCYSSA7CD;
				INFOPLIST_FILE = EmbedUITextViewInUITableView/Info.plist;
				IPHONEOS_DEPLOYMENT_TARGET = 10.0;
				LD_RUNPATH_SEARCH_PATHS = (
					"$(inherited)",
					"@executable_path/Frameworks",
				);
				PRODUCT_BUNDLE_IDENTIFIER = com.gtsifrikas.EmbedUITextViewInUITableView;
				PRODUCT_NAME = "$(TARGET_NAME)";
				PROVISIONING_PROFILE_SPECIFIER = "";
				SWIFT_VERSION = 4.2;
				TARGETED_DEVICE_FAMILY = "1,2";
			};
			name = Debug;
		};
		C63A35B321860A9800F163BE /* Release */ = {
			isa = XCBuildConfiguration;
			buildSettings = {
				ASSETCATALOG_COMPILER_APPICON_NAME = AppIcon;
				CODE_SIGN_IDENTITY = "iPhone Developer";
				CODE_SIGN_STYLE = Automatic;
				DEVELOPMENT_TEAM = BSCYSSA7CD;
				INFOPLIST_FILE = EmbedUITextViewInUITableView/Info.plist;
				IPHONEOS_DEPLOYMENT_TARGET = 10.0;
				LD_RUNPATH_SEARCH_PATHS = (
					"$(inherited)",
					"@executable_path/Frameworks",
				);
				PRODUCT_BUNDLE_IDENTIFIER = com.gtsifrikas.EmbedUITextViewInUITableView;
				PRODUCT_NAME = "$(TARGET_NAME)";
				PROVISIONING_PROFILE_SPECIFIER = "";
				SWIFT_VERSION = 4.2;
				TARGETED_DEVICE_FAMILY = "1,2";
			};
			name = Release;
		};
/* End XCBuildConfiguration section */

/* Begin XCConfigurationList section */
		C63A359A21860A9700F163BE /* Build configuration list for PBXProject "EmbedUITextViewInUITableView" */ = {
			isa = XCConfigurationList;
			buildConfigurations = (
				C63A35AF21860A9800F163BE /* Debug */,
				C63A35B021860A9800F163BE /* Release */,
			);
			defaultConfigurationIsVisible = 0;
			defaultConfigurationName = Release;
		};
		C63A35B121860A9800F163BE /* Build configuration list for PBXNativeTarget "EmbedUITextViewInUITableView" */ = {
			isa = XCConfigurationList;
			buildConfigurations = (
				C63A35B221860A9800F163BE /* Debug */,
				C63A35B321860A9800F163BE /* Release */,
			);
			defaultConfigurationIsVisible = 0;
			defaultConfigurationName = Release;
		};
/* End XCConfigurationList section */
	};
	rootObject = C63A359721860A9700F163BE /* Project object */;
}
